
Microsoft Visual Studio Solution File, Format Version 12.00
# Visual Studio Version 17
VisualStudioVersion = 17.3.32929.385
MinimumVisualStudioVersion = 10.0.40219.1
Project("{FAE04EC0-301F-11D3-BF4B-00C04F79EFBC}") = "companyinfo", "companyinfo\companyinfo.csproj", "{A84B8AC2-7A93-41B7-AD2E-3CD949945547}"
EndProject
Global
	GlobalSection(SolutionConfigurationPlatforms) = preSolution
		Debug|Any CPU = Debug|Any CPU
		Release|Any CPU = Release|Any CPU
	EndGlobalSection
	GlobalSection(ProjectConfigurationPlatforms) = postSolution
		{A84B8AC2-7A93-41B7-AD2E-3CD949945547}.Debug|Any CPU.ActiveCfg = Debug|Any CPU
		{A84B8AC2-7A93-41B7-AD2E-3CD949945547}.Debug|Any CPU.Build.0 = Debug|Any CPU
		{A84B8AC2-7A93-41B7-AD2E-3CD949945547}.Release|Any CPU.ActiveCfg = Release|Any CPU
		{A84B8AC2-7A93-41B7-AD2E-3CD949945547}.Release|Any CPU.Build.0 = Release|Any CPU
	EndGlobalSection
	GlobalSection(SolutionProperties) = preSolution
		HideSolutionNode = FALSE
	EndGlobalSection
	GlobalSection(ExtensibilityGlobals) = postSolution
		SolutionGuid = {7FDE84AC-F457-4443-820E-E747E7A21B5F}
	EndGlobalSection
EndGlobal
